{
  "requires": true,
  "lockfileVersion": 1,
  "dependencies": {
    "body-scroll-lock": {
      "version": "2.5.7",
      "resolved": "https://registry.npmjs.org/body-scroll-lock/-/body-scroll-lock-2.5.7.tgz",
      "integrity": "sha512-4K/lJvvDkACVb62zSl/L88I8Hht15yO0wkMZeZJTbRjq46wx+TBNd7SNpQ3JF3yFSoIPd2j8t3C4pOKal3T4vg=="
    }
  }
}
